
Microsoft Visual Studio Solution File, Format Version 12.00
# Visual Studio Version 17
VisualStudioVersion = 17.1.32120.378
MinimumVisualStudioVersion = 10.0.40219.1
Project("{9A19103F-16F7-4668-BE54-9A1E7A4F7556}") = "Class_library", "Class_library\Class_library.csproj", "{0004B2AF-32D6-459A-97BF-46E8539F98A1}"
EndProject
Project("{9A19103F-16F7-4668-BE54-9A1E7A4F7556}") = "Class_libraryTests", "Class_libraryTests\Class_libraryTests.csproj", "{F8BB8135-9B28-4998-9C4E-051F0F7E91C6}"
EndProject
Project("{9A19103F-16F7-4668-BE54-9A1E7A4F7556}") = "Windows_Application", "Windows_Application\Windows_Application.csproj", "{22EFACD8-67C8-4324-AC4C-E58AC75773B2}"
EndProject
Global
	GlobalSection(SolutionConfigurationPlatforms) = preSolution
		Debug|Any CPU = Debug|Any CPU
		Release|Any CPU = Release|Any CPU
	EndGlobalSection
	GlobalSection(ProjectConfigurationPlatforms) = postSolution
		{0004B2AF-32D6-459A-97BF-46E8539F98A1}.Debug|Any CPU.ActiveCfg = Debug|Any CPU
		{0004B2AF-32D6-459A-97BF-46E8539F98A1}.Debug|Any CPU.Build.0 = Debug|Any CPU
		{0004B2AF-32D6-459A-97BF-46E8539F98A1}.Release|Any CPU.ActiveCfg = Release|Any CPU
		{0004B2AF-32D6-459A-97BF-46E8539F98A1}.Release|Any CPU.Build.0 = Release|Any CPU
		{F8BB8135-9B28-4998-9C4E-051F0F7E91C6}.Debug|Any CPU.ActiveCfg = Debug|Any CPU
		{F8BB8135-9B28-4998-9C4E-051F0F7E91C6}.Debug|Any CPU.Build.0 = Debug|Any CPU
		{F8BB8135-9B28-4998-9C4E-051F0F7E91C6}.Release|Any CPU.ActiveCfg = Release|Any CPU
		{F8BB8135-9B28-4998-9C4E-051F0F7E91C6}.Release|Any CPU.Build.0 = Release|Any CPU
		{22EFACD8-67C8-4324-AC4C-E58AC75773B2}.Debug|Any CPU.ActiveCfg = Debug|Any CPU
		{22EFACD8-67C8-4324-AC4C-E58AC75773B2}.Debug|Any CPU.Build.0 = Debug|Any CPU
		{22EFACD8-67C8-4324-AC4C-E58AC75773B2}.Release|Any CPU.ActiveCfg = Release|Any CPU
		{22EFACD8-67C8-4324-AC4C-E58AC75773B2}.Release|Any CPU.Build.0 = Release|Any CPU
	EndGlobalSection
	GlobalSection(SolutionProperties) = preSolution
		HideSolutionNode = FALSE
	EndGlobalSection
	GlobalSection(ExtensibilityGlobals) = postSolution
		SolutionGuid = {943B8B94-EAD1-438F-B96C-FF65F7DE680B}
	EndGlobalSection
EndGlobal
